PODS:
  - AppAuth (1.4.0):
    - AppAuth/Core (= 1.4.0)
    - AppAuth/ExternalUserAgent (= 1.4.0)
  - AppAuth/Core (1.4.0)
  - AppAuth/ExternalUserAgent (1.4.0)
  - Flutter (1.0.0)
  - flutter_appauth (0.0.1):
    - AppAuth (= 1.4.0)
    - Flutter
  - flutter_secure_storage (3.3.1):
    - Flutter
  - flutter_web_auth (0.3.1):
    - Flutter
  - path_provider (0.0.1):
    - Flutter
  - shared_preferences (0.0.1):
    - Flutter

DEPENDENCIES:
  - Flutter (from `Flutter`)
  - flutter_appauth (from `.symlinks/plugins/flutter_appauth/ios`)
  - flutter_secure_storage (from `.symlinks/plugins/flutter_secure_storage/ios`)
  - flutter_web_auth (from `.symlinks/plugins/flutter_web_auth/ios`)
  - path_provider (from `.symlinks/plugins/path_provider/ios`)
  - shared_preferences (from `.symlinks/plugins/shared_preferences/ios`)

SPEC REPOS:
  trunk:
    - AppAuth

EXTERNAL SOURCES:
  Flutter:
    :path: Flutter
  flutter_appauth:
    :path: ".symlinks/plugins/flutter_appauth/ios"
  flutter_secure_storage:
    :path: ".symlinks/plugins/flutter_secure_storage/ios"
  flutter_web_auth:
    :path: ".symlinks/plugins/flutter_web_auth/ios"
  path_provider:
    :path: ".symlinks/plugins/path_provider/ios"
  shared_preferences:
    :path: ".symlinks/plugins/shared_preferences/ios"

SPEC CHECKSUMS:
  AppAuth: 31bcec809a638d7bd2f86ea8a52bd45f6e81e7c7
  Flutter: 50d75fe2f02b26cc09d224853bb45737f8b3214a
  flutter_appauth: 05c3778a1e4ae23364dd2ef37cbae14b244f646b
  flutter_secure_storage: 7953c38a04c3fdbb00571bcd87d8e3b5ceb9daec
  flutter_web_auth: eae2fc62b97d9a44c5c2a1ed0404a6ce396e3d7f
  path_provider: d1e9807085df1f9cc9318206cd649dc0b76be3de
  shared_preferences: 5033afbb22d372e15aff8ff766df9021b845f273

PODFILE CHECKSUM: aafe91acc616949ddb318b77800a7f51bffa2a4c

COCOAPODS: 1.11.2
